
Microsoft Visual Studio Solution File, Format Version 12.00
# Visual Studio Version 16
VisualStudioVersion = 16.0.30611.23
MinimumVisualStudioVersion = 10.0.40219.1
Project("{FAE04EC0-301F-11D3-BF4B-00C04F79EFBC}") = "COVID-19", "COVID-19\COVID-19.csproj", "{93606D8E-F008-455C-8260-96662CB71656}"
EndProject
Global
	GlobalSection(SolutionConfigurationPlatforms) = preSolution
		Debug|Any CPU = Debug|Any CPU
		Release|Any CPU = Release|Any CPU
	EndGlobalSection
	GlobalSection(ProjectConfigurationPlatforms) = postSolution
		{93606D8E-F008-455C-8260-96662CB71656}.Debug|Any CPU.ActiveCfg = Debug|Any CPU
		{93606D8E-F008-455C-8260-96662CB71656}.Debug|Any CPU.Build.0 = Debug|Any CPU
		{93606D8E-F008-455C-8260-96662CB71656}.Release|Any CPU.ActiveCfg = Release|Any CPU
		{93606D8E-F008-455C-8260-96662CB71656}.Release|Any CPU.Build.0 = Release|Any CPU
	EndGlobalSection
	GlobalSection(SolutionProperties) = preSolution
		HideSolutionNode = FALSE
	EndGlobalSection
	GlobalSection(ExtensibilityGlobals) = postSolution
		SolutionGuid = {62407202-6A8D-4195-9630-7B2C03B458B7}
	EndGlobalSection
EndGlobal
